
Microsoft Visual Studio Solution File, Format Version 12.00
Project("{FAE04EC0-301F-11D3-BF4B-00C04F79EFBC}") = "movies-backend", "movies-backend\movies-backend.csproj", "{FA9D19F5-0FB3-4430-9E99-C794E4EE399C}"
EndProject
Global
	GlobalSection(SolutionConfigurationPlatforms) = preSolution
		Debug|Any CPU = Debug|Any CPU
		Release|Any CPU = Release|Any CPU
	EndGlobalSection
	GlobalSection(ProjectConfigurationPlatforms) = postSolution
		{FA9D19F5-0FB3-4430-9E99-C794E4EE399C}.Debug|Any CPU.ActiveCfg = Debug|Any CPU
		{FA9D19F5-0FB3-4430-9E99-C794E4EE399C}.Debug|Any CPU.Build.0 = Debug|Any CPU
		{FA9D19F5-0FB3-4430-9E99-C794E4EE399C}.Release|Any CPU.ActiveCfg = Release|Any CPU
		{FA9D19F5-0FB3-4430-9E99-C794E4EE399C}.Release|Any CPU.Build.0 = Release|Any CPU
	EndGlobalSection
EndGlobal
